{
  "name": "SmarTanom",
  "lockfileVersion": 3,
  "requires": true,
  "packages": {
    "": {
      "dependencies": {
        "@expo-google-fonts/abril-fatface": "^0.3.0"
      }
    },
    "node_modules/@expo-google-fonts/abril-fatface": {
      "version": "0.3.0",
      "resolved": "https://registry.npmjs.org/@expo-google-fonts/abril-fatface/-/abril-fatface-0.3.0.tgz",
      "integrity": "sha512-lU+RyZeCfbR8Kj0+kszuDYkTm0J6jTd1sTpsX70VWil+/pFQRVDgYlZ8cKNI7pYTMWoNH17xlBZwILH5k7aJhA==",
      "license": "MIT"
    }
  }
}
